
Microsoft Visual Studio Solution File, Format Version 12.00
# Visual Studio Version 16
VisualStudioVersion = 16.0.31624.102
MinimumVisualStudioVersion = 10.0.40219.1
Project("{9A19103F-16F7-4668-BE54-9A1E7A4F7556}") = "Задание 1.2", "Задание 1.2\Задание 1.2.csproj", "{952AC87E-83DB-4552-9BC3-9F3C1F363ED6}"
EndProject
Global
	GlobalSection(SolutionConfigurationPlatforms) = preSolution
		Debug|Any CPU = Debug|Any CPU
		Release|Any CPU = Release|Any CPU
	EndGlobalSection
	GlobalSection(ProjectConfigurationPlatforms) = postSolution
		{952AC87E-83DB-4552-9BC3-9F3C1F363ED6}.Debug|Any CPU.ActiveCfg = Debug|Any CPU
		{952AC87E-83DB-4552-9BC3-9F3C1F363ED6}.Debug|Any CPU.Build.0 = Debug|Any CPU
		{952AC87E-83DB-4552-9BC3-9F3C1F363ED6}.Release|Any CPU.ActiveCfg = Release|Any CPU
		{952AC87E-83DB-4552-9BC3-9F3C1F363ED6}.Release|Any CPU.Build.0 = Release|Any CPU
	EndGlobalSection
	GlobalSection(SolutionProperties) = preSolution
		HideSolutionNode = FALSE
	EndGlobalSection
	GlobalSection(ExtensibilityGlobals) = postSolution
		SolutionGuid = {E6CF25B3-975C-495C-86F7-CD353EF6A330}
	EndGlobalSection
EndGlobal
